// !$*UTF8*$!
{
	archiveVersion = 1;
	classes = {
	};
	objectVersion = 48;
	objects = {

/* Begin PBXBuildFile section */
		88B183F81F4DE92600D357C7 /* CourseDetailViewController.swift in Sources */ = {isa = PBXBuildFile; fileRef = 88B183F71F4DE92600D357C7 /* CourseDetailViewController.swift */; };
		88EDCA531F4C77E100DC5E59 /* AppDelegate.swift in Sources */ = {isa = PBXBuildFile; fileRef = 88EDCA521F4C77E100DC5E59 /* AppDelegate.swift */; };
		88EDCA581F4C77E100DC5E59 /* Main.storyboard in Resources */ = {isa = PBXBuildFile; fileRef = 88EDCA561F4C77E100DC5E59 /* Main.storyboard */; };
		88EDCA5A1F4C77E100DC5E59 /* Assets.xcassets in Resources */ = {isa = PBXBuildFile; fileRef = 88EDCA591F4C77E100DC5E59 /* Assets.xcassets */; };
		88EDCA5D1F4C77E100DC5E59 /* LaunchScreen.storyboard in Resources */ = {isa = PBXBuildFile; fileRef = 88EDCA5B1F4C77E100DC5E59 /* LaunchScreen.storyboard */; };
		88EDCA651F4C7EBF00DC5E59 /* CourseView.swift in Sources */ = {isa = PBXBuildFile; fileRef = 88EDCA641F4C7EBF00DC5E59 /* CourseView.swift */; };
		88EDCA671F4C7F9E00DC5E59 /* CourseViewStore.swift in Sources */ = {isa = PBXBuildFile; fileRef = 88EDCA661F4C7F9E00DC5E59 /* CourseViewStore.swift */; };
		88EDCA691F4C863000DC5E59 /* CoursesViewController.swift in Sources */ = {isa = PBXBuildFile; fileRef = 88EDCA681F4C863000DC5E59 /* CoursesViewController.swift */; };
/* End PBXBuildFile section */

/* Begin PBXFileReference section */
		88B183F71F4DE92600D357C7 /* CourseDetailViewController.swift */ = {isa = PBXFileReference; fileEncoding = 4; lastKnownFileType = sourcecode.swift; path = CourseDetailViewController.swift; sourceTree = "<group>"; };
		88EDCA4F1F4C77E100DC5E59 /* CourseView.app */ = {isa = PBXFileReference; explicitFileType = wrapper.application; includeInIndex = 0; path = CourseView.app; sourceTree = BUILT_PRODUCTS_DIR; };
		88EDCA521F4C77E100DC5E59 /* AppDelegate.swift */ = {isa = PBXFileReference; lastKnownFileType = sourcecode.swift; path = AppDelegate.swift; sourceTree = "<group>"; };
		88EDCA571F4C77E100DC5E59 /* Base */ = {isa = PBXFileReference; lastKnownFileType = file.storyboard; name = Base; path = Base.lproj/Main.storyboard; sourceTree = "<group>"; };
		88EDCA591F4C77E100DC5E59 /* Assets.xcassets */ = {isa = PBXFileReference; lastKnownFileType = folder.assetcatalog; path = Assets.xcassets; sourceTree = "<group>"; };
		88EDCA5C1F4C77E100DC5E59 /* Base */ = {isa = PBXFileReference; lastKnownFileType = file.storyboard; name = Base; path = Base.lproj/LaunchScreen.storyboard; sourceTree = "<group>"; };
		88EDCA5E1F4C77E100DC5E59 /* Info.plist */ = {isa = PBXFileReference; lastKnownFileType = text.plist.xml; path = Info.plist; sourceTree = "<group>"; };
		88EDCA641F4C7EBF00DC5E59 /* CourseView.swift */ = {isa = PBXFileReference; lastKnownFileType = sourcecode.swift; path = CourseView.swift; sourceTree = "<group>"; };
		88EDCA661F4C7F9E00DC5E59 /* CourseViewStore.swift */ = {isa = PBXFileReference; lastKnownFileType = sourcecode.swift; path = CourseViewStore.swift; sourceTree = "<group>"; };
		88EDCA681F4C863000DC5E59 /* CoursesViewController.swift */ = {isa = PBXFileReference; lastKnownFileType = sourcecode.swift; path = CoursesViewController.swift; sourceTree = "<group>"; };
/* End PBXFileReference section */

/* Begin PBXFrameworksBuildPhase section */
		88EDCA4C1F4C77E000DC5E59 /* Frameworks */ = {
			isa = PBXFrameworksBuildPhase;
			buildActionMask = 2147483647;
			files = (
			);
			runOnlyForDeploymentPostprocessing = 0;
		};
/* End PBXFrameworksBuildPhase section */

/* Begin PBXGroup section */
		88EDCA461F4C77E000DC5E59 = {
			isa = PBXGroup;
			children = (
				88EDCA511F4C77E100DC5E59 /* CourseView */,
				88EDCA501F4C77E100DC5E59 /* Products */,
			);
			sourceTree = "<group>";
		};
		88EDCA501F4C77E100DC5E59 /* Products */ = {
			isa = PBXGroup;
			children = (
				88EDCA4F1F4C77E100DC5E59 /* CourseView.app */,
			);
			name = Products;
			sourceTree = "<group>";
		};
		88EDCA511F4C77E100DC5E59 /* CourseView */ = {
			isa = PBXGroup;
			children = (
				88EDCA521F4C77E100DC5E59 /* AppDelegate.swift */,
				88EDCA6A1F4C866100DC5E59 /* Model */,
				88EDCA6B1F4C867C00DC5E59 /* View */,
				88EDCA6C1F4C869D00DC5E59 /* Controller */,
				88EDCA591F4C77E100DC5E59 /* Assets.xcassets */,
				88EDCA5B1F4C77E100DC5E59 /* LaunchScreen.storyboard */,
				88EDCA5E1F4C77E100DC5E59 /* Info.plist */,
			);
			path = CourseView;
			sourceTree = "<group>";
		};
		88EDCA6A1F4C866100DC5E59 /* Model */ = {
			isa = PBXGroup;
			children = (
				88EDCA661F4C7F9E00DC5E59 /* CourseViewStore.swift */,
				88EDCA641F4C7EBF00DC5E59 /* CourseView.swift */,
			);
			path = Model;
			sourceTree = "<group>";
		};
		88EDCA6B1F4C867C00DC5E59 /* View */ = {
			isa = PBXGroup;
			children = (
				88EDCA561F4C77E100DC5E59 /* Main.storyboard */,
			);
			path = View;
			sourceTree = "<group>";
		};
		88EDCA6C1F4C869D00DC5E59 /* Controller */ = {
			isa = PBXGroup;
			children = (
				88EDCA681F4C863000DC5E59 /* CoursesViewController.swift */,
				88B183F71F4DE92600D357C7 /* CourseDetailViewController.swift */,
			);
			path = Controller;
			sourceTree = "<group>";
		};
/* End PBXGroup section */

/* Begin PBXNativeTarget section */
		88EDCA4E1F4C77E000DC5E59 /* CourseView */ = {
			isa = PBXNativeTarget;
			buildConfigurationList = 88EDCA611F4C77E100DC5E59 /* Build configuration list for PBXNativeTarget "CourseView" */;
			buildPhases = (
				88EDCA4B1F4C77E000DC5E59 /* Sources */,
				88EDCA4C1F4C77E000DC5E59 /* Frameworks */,
				88EDCA4D1F4C77E000DC5E59 /* Resources */,
			);
			buildRules = (
			);
			dependencies = (
			);
			name = CourseView;
			productName = CourseView;
			productReference = 88EDCA4F1F4C77E100DC5E59 /* CourseView.app */;
			productType = "com.apple.product-type.application";
		};
/* End PBXNativeTarget section */

/* Begin PBXProject section */
		88EDCA471F4C77E000DC5E59 /* Project object */ = {
			isa = PBXProject;
			attributes = {
				LastSwiftUpdateCheck = 0900;
				LastUpgradeCheck = 0900;
				ORGANIZATIONNAME = Appybuildmore;
				TargetAttributes = {
					88EDCA4E1F4C77E000DC5E59 = {
						CreatedOnToolsVersion = 9.0;
					};
				};
			};
			buildConfigurationList = 88EDCA4A1F4C77E000DC5E59 /* Build configuration list for PBXProject "CourseView" */;
			compatibilityVersion = "Xcode 8.0";
			developmentRegion = en;
			hasScannedForEncodings = 0;
			knownRegions = (
				en,
				Base,
			);
			mainGroup = 88EDCA461F4C77E000DC5E59;
			productRefGroup = 88EDCA501F4C77E100DC5E59 /* Products */;
			projectDirPath = "";
			projectRoot = "";
			targets = (
				88EDCA4E1F4C77E000DC5E59 /* CourseView */,
			);
		};
/* End PBXProject section */

/* Begin PBXResourcesBuildPhase section */
		88EDCA4D1F4C77E000DC5E59 /* Resources */ = {
			isa = PBXResourcesBuildPhase;
			buildActionMask = 2147483647;
			files = (
				88EDCA5D1F4C77E100DC5E59 /* LaunchScreen.storyboard in Resources */,
				88EDCA5A1F4C77E100DC5E59 /* Assets.xcassets in Resources */,
				88EDCA581F4C77E100DC5E59 /* Main.storyboard in Resources */,
			);
			runOnlyForDeploymentPostprocessing = 0;
		};
/* End PBXResourcesBuildPhase section */

/* Begin PBXSourcesBuildPhase section */
		88EDCA4B1F4C77E000DC5E59 /* Sources */ = {
			isa = PBXSourcesBuildPhase;
			buildActionMask = 2147483647;
			files = (
				88B183F81F4DE92600D357C7 /* CourseDetailViewController.swift in Sources */,
				88EDCA671F4C7F9E00DC5E59 /* CourseViewStore.swift in Sources */,
				88EDCA531F4C77E100DC5E59 /* AppDelegate.swift in Sources */,
				88EDCA651F4C7EBF00DC5E59 /* CourseView.swift in Sources */,
				88EDCA691F4C863000DC5E59 /* CoursesViewController.swift in Sources */,
			);
			runOnlyForDeploymentPostprocessing = 0;
		};
/* End PBXSourcesBuildPhase section */

/* Begin PBXVariantGroup section */
		88EDCA561F4C77E100DC5E59 /* Main.storyboard */ = {
			isa = PBXVariantGroup;
			children = (
				88EDCA571F4C77E100DC5E59 /* Base */,
			);
			name = Main.storyboard;
			path = ..;
			sourceTree = "<group>";
		};
		88EDCA5B1F4C77E100DC5E59 /* LaunchScreen.storyboard */ = {
			isa = PBXVariantGroup;
			children = (
				88EDCA5C1F4C77E100DC5E59 /* Base */,
			);
			name = LaunchScreen.storyboard;
			sourceTree = "<group>";
		};
/* End PBXVariantGroup section */

/* Begin XCBuildConfiguration section */
		88EDCA5F1F4C77E100DC5E59 /* Debug */ = {
			isa = XCBuildConfiguration;
			buildSettings = {
				ALWAYS_SEARCH_USER_PATHS = NO;
				CLANG_ANALYZER_NONNULL = YES;
				CLANG_ANALYZER_NUMBER_OBJECT_CONVERSION = YES_AGGRESSIVE;
				CLANG_CXX_LANGUAGE_STANDARD = "gnu++14";
				CLANG_CXX_LIBRARY = "libc++";
				CLANG_ENABLE_MODULES = YES;
				CLANG_ENABLE_OBJC_ARC = YES;
				CLANG_WARN_BLOCK_CAPTURE_AUTORELEASING = YES;
				CLANG_WARN_BOOL_CONVERSION = YES;
				CLANG_WARN_COMMA = YES;
				CLANG_WARN_CONSTANT_CONVERSION = YES;
				CLANG_WARN_DIRECT_OBJC_ISA_USAGE = YES_ERROR;
				CLANG_WARN_DOCUMENTATION_COMMENTS = YES;
				CLANG_WARN_EMPTY_BODY = YES;
				CLANG_WARN_ENUM_CONVERSION = YES;
				CLANG_WARN_INFINITE_RECURSION = YES;
				CLANG_WARN_INT_CONVERSION = YES;
				CLANG_WARN_OBJC_ROOT_CLASS = YES_ERROR;
				CLANG_WARN_RANGE_LOOP_ANALYSIS = YES;
				CLANG_WARN_STRICT_PROTOTYPES = YES;
				CLANG_WARN_SUSPICIOUS_MOVE = YES;
				CLANG_WARN_UNGUARDED_AVAILABILITY = YES_AGGRESSIVE;
				CLANG_WARN_UNREACHABLE_CODE = YES;
				CLANG_WARN__DUPLICATE_METHOD_MATCH = YES;
				CODE_SIGN_IDENTITY = "iPhone Developer";
				COPY_PHASE_STRIP = NO;
				DEBUG_INFORMATION_FORMAT = dwarf;
				ENABLE_STRICT_OBJC_MSGSEND = YES;
				ENABLE_TESTABILITY = YES;
				GCC_C_LANGUAGE_STANDARD = gnu11;
				GCC_DYNAMIC_NO_PIC = NO;
				GCC_NO_COMMON_BLOCKS = YES;
				GCC_OPTIMIZATION_LEVEL = 0;
				GCC_PREPROCESSOR_DEFINITIONS = (
					"DEBUG=1",
					"$(inherited)",
				);
				GCC_WARN_64_TO_32_BIT_CONVERSION = YES;
				GCC_WARN_ABOUT_RETURN_TYPE = YES_ERROR;
				GCC_WARN_UNDECLARED_SELECTOR = YES;
				GCC_WARN_UNINITIALIZED_AUTOS = YES_AGGRESSIVE;
				GCC_WARN_UNUSED_FUNCTION = YES;
				GCC_WARN_UNUSED_VARIABLE = YES;
				IPHONEOS_DEPLOYMENT_TARGET = 11.0;
				MTL_ENABLE_DEBUG_INFO = YES;
				ONLY_ACTIVE_ARCH = YES;
				SDKROOT = iphoneos;
				SWIFT_ACTIVE_COMPILATION_CONDITIONS = DEBUG;
				SWIFT_OPTIMIZATION_LEVEL = "-Onone";
			};
			name = Debug;
		};
		88EDCA601F4C77E100DC5E59 /* Release */ = {
			isa = XCBuildConfiguration;
			buildSettings = {
				ALWAYS_SEARCH_USER_PATHS = NO;
				CLANG_ANALYZER_NONNULL = YES;
				CLANG_ANALYZER_NUMBER_OBJECT_CONVERSION = YES_AGGRESSIVE;
				CLANG_CXX_LANGUAGE_STANDARD = "gnu++14";
				CLANG_CXX_LIBRARY = "libc++";
				CLANG_ENABLE_MODULES = YES;
				CLANG_ENABLE_OBJC_ARC = YES;
				CLANG_WARN_BLOCK_CAPTURE_AUTORELEASING = YES;
				CLANG_WARN_BOOL_CONVERSION = YES;
				CLANG_WARN_COMMA = YES;
				CLANG_WARN_CONSTANT_CONVERSION = YES;
				CLANG_WARN_DIRECT_OBJC_ISA_USAGE = YES_ERROR;
				CLANG_WARN_DOCUMENTATION_COMMENTS = YES;
				CLANG_WARN_EMPTY_BODY = YES;
				CLANG_WARN_ENUM_CONVERSION = YES;
				CLANG_WARN_INFINITE_RECURSION = YES;
				CLANG_WARN_INT_CONVERSION = YES;
				CLANG_WARN_OBJC_ROOT_CLASS = YES_ERROR;
				CLANG_WARN_RANGE_LOOP_ANALYSIS = YES;
				CLANG_WARN_STRICT_PROTOTYPES = YES;
				CLANG_WARN_SUSPICIOUS_MOVE = YES;
				CLANG_WARN_UNGUARDED_AVAILABILITY = YES_AGGRESSIVE;
				CLANG_WARN_UNREACHABLE_CODE = YES;
				CLANG_WARN__DUPLICATE_METHOD_MATCH = YES;
				CODE_SIGN_IDENTITY = "iPhone Developer";
				COPY_PHASE_STRIP = NO;
				DEBUG_INFORMATION_FORMAT = "dwarf-with-dsym";
				ENABLE_NS_ASSERTIONS = NO;
				ENABLE_STRICT_OBJC_MSGSEND = YES;
				GCC_C_LANGUAGE_STANDARD = gnu11;
				GCC_NO_COMMON_BLOCKS = YES;
				GCC_WARN_64_TO_32_BIT_CONVERSION = YES;
				GCC_WARN_ABOUT_RETURN_TYPE = YES_ERROR;
				GCC_WARN_UNDECLARED_SELECTOR = YES;
				GCC_WARN_UNINITIALIZED_AUTOS = YES_AGGRESSIVE;
				GCC_WARN_UNUSED_FUNCTION = YES;
				GCC_WARN_UNUSED_VARIABLE = YES;
				IPHONEOS_DEPLOYMENT_TARGET = 11.0;
				MTL_ENABLE_DEBUG_INFO = NO;
				SDKROOT = iphoneos;
				SWIFT_OPTIMIZATION_LEVEL = "-Owholemodule";
				VALIDATE_PRODUCT = YES;
			};
			name = Release;
		};
		88EDCA621F4C77E100DC5E59 /* Debug */ = {
			isa = XCBuildConfiguration;
			buildSettings = {
				ASSETCATALOG_COMPILER_APPICON_NAME = AppIcon;
				DEVELOPMENT_TEAM = YRMU5C8C32;
				INFOPLIST_FILE = CourseView/Info.plist;
				LD_RUNPATH_SEARCH_PATHS = "$(inherited) @executable_path/Frameworks";
				PRODUCT_BUNDLE_IDENTIFIER = com.appybuildmore.CourseView;
				PRODUCT_NAME = "$(TARGET_NAME)";
				SWIFT_VERSION = 4.0;
				TARGETED_DEVICE_FAMILY = "1,2";
			};
			name = Debug;
		};
		88EDCA631F4C77E100DC5E59 /* Release */ = {
			isa = XCBuildConfiguration;
			buildSettings = {
				ASSETCATALOG_COMPILER_APPICON_NAME = AppIcon;
				DEVELOPMENT_TEAM = YRMU5C8C32;
				INFOPLIST_FILE = CourseView/Info.plist;
				LD_RUNPATH_SEARCH_PATHS = "$(inherited) @executable_path/Frameworks";
				PRODUCT_BUNDLE_IDENTIFIER = com.appybuildmore.CourseView;
				PRODUCT_NAME = "$(TARGET_NAME)";
				SWIFT_VERSION = 4.0;
				TARGETED_DEVICE_FAMILY = "1,2";
			};
			name = Release;
		};
/* End XCBuildConfiguration section */

/* Begin XCConfigurationList section */
		88EDCA4A1F4C77E000DC5E59 /* Build configuration list for PBXProject "CourseView" */ = {
			isa = XCConfigurationList;
			buildConfigurations = (
				88EDCA5F1F4C77E100DC5E59 /* Debug */,
				88EDCA601F4C77E100DC5E59 /* Release */,
			);
			defaultConfigurationIsVisible = 0;
			defaultConfigurationName = Release;
		};
		88EDCA611F4C77E100DC5E59 /* Build configuration list for PBXNativeTarget "CourseView" */ = {
			isa = XCConfigurationList;
			buildConfigurations = (
				88EDCA621F4C77E100DC5E59 /* Debug */,
				88EDCA631F4C77E100DC5E59 /* Release */,
			);
			defaultConfigurationIsVisible = 0;
			defaultConfigurationName = Release;
		};
/* End XCConfigurationList section */
	};
	rootObject = 88EDCA471F4C77E000DC5E59 /* Project object */;
}
